
Microsoft Visual Studio Solution File, Format Version 12.00
# Visual Studio 14
VisualStudioVersion = 14.0.25420.1
MinimumVisualStudioVersion = 10.0.40219.1
Project("{FAE04EC0-301F-11D3-BF4B-00C04F79EFBC}") = "TestTask", "TestTask\TestTask.csproj", "{6BBD69D3-316C-4CFA-9841-9643DFC8E55C}"
EndProject
Project("{FAE04EC0-301F-11D3-BF4B-00C04F79EFBC}") = "DataService", "DataService\DataService.csproj", "{BB0A054A-9CAE-4A77-AADE-1861428532AF}"
EndProject
Global
	GlobalSection(SolutionConfigurationPlatforms) = preSolution
		Debug|Any CPU = Debug|Any CPU
		Release|Any CPU = Release|Any CPU
	EndGlobalSection
	GlobalSection(ProjectConfigurationPlatforms) = postSolution
		{6BBD69D3-316C-4CFA-9841-9643DFC8E55C}.Debug|Any CPU.ActiveCfg = Debug|Any CPU
		{6BBD69D3-316C-4CFA-9841-9643DFC8E55C}.Debug|Any CPU.Build.0 = Debug|Any CPU
		{6BBD69D3-316C-4CFA-9841-9643DFC8E55C}.Release|Any CPU.ActiveCfg = Release|Any CPU
		{6BBD69D3-316C-4CFA-9841-9643DFC8E55C}.Release|Any CPU.Build.0 = Release|Any CPU
		{BB0A054A-9CAE-4A77-AADE-1861428532AF}.Debug|Any CPU.ActiveCfg = Debug|Any CPU
		{BB0A054A-9CAE-4A77-AADE-1861428532AF}.Debug|Any CPU.Build.0 = Debug|Any CPU
		{BB0A054A-9CAE-4A77-AADE-1861428532AF}.Release|Any CPU.ActiveCfg = Release|Any CPU
		{BB0A054A-9CAE-4A77-AADE-1861428532AF}.Release|Any CPU.Build.0 = Release|Any CPU
	EndGlobalSection
	GlobalSection(SolutionProperties) = preSolution
		HideSolutionNode = FALSE
	EndGlobalSection
EndGlobal
